
Microsoft Visual Studio Solution File, Format Version 12.00
# Visual Studio Version 17
VisualStudioVersion = 17.0.31903.59
MinimumVisualStudioVersion = 10.0.40219.1
Project("{FAE04EC0-301F-11D3-BF4B-00C04F79EFBC}") = "CalendarApp", "CalendarApp\CalendarApp.csproj", "{6E43FB34-FB91-408C-AB41-47259724F1AA}"
EndProject
Project("{FAE04EC0-301F-11D3-BF4B-00C04F79EFBC}") = "CalendarApp.Desktop", "CalendarApp.Desktop\CalendarApp.Desktop.csproj", "{5049062E-60CF-4E8E-8BFE-486FB136CC0A}"
EndProject
Global
	GlobalSection(SolutionConfigurationPlatforms) = preSolution
		Debug|Any CPU = Debug|Any CPU
		Release|Any CPU = Release|Any CPU
	EndGlobalSection
	GlobalSection(SolutionProperties) = preSolution
		HideSolutionNode = FALSE
	EndGlobalSection
	GlobalSection(ProjectConfigurationPlatforms) = postSolution
		{6E43FB34-FB91-408C-AB41-47259724F1AA}.Debug|Any CPU.ActiveCfg = Debug|Any CPU
		{6E43FB34-FB91-408C-AB41-47259724F1AA}.Debug|Any CPU.Build.0 = Debug|Any CPU
		{6E43FB34-FB91-408C-AB41-47259724F1AA}.Release|Any CPU.ActiveCfg = Release|Any CPU
		{6E43FB34-FB91-408C-AB41-47259724F1AA}.Release|Any CPU.Build.0 = Release|Any CPU
		{5049062E-60CF-4E8E-8BFE-486FB136CC0A}.Debug|Any CPU.ActiveCfg = Debug|Any CPU
		{5049062E-60CF-4E8E-8BFE-486FB136CC0A}.Debug|Any CPU.Build.0 = Debug|Any CPU
		{5049062E-60CF-4E8E-8BFE-486FB136CC0A}.Release|Any CPU.ActiveCfg = Release|Any CPU
		{5049062E-60CF-4E8E-8BFE-486FB136CC0A}.Release|Any CPU.Build.0 = Release|Any CPU
	EndGlobalSection
EndGlobal
